// !$*UTF8*$!
{
	archiveVersion = 1;
	classes = {
	};
	objectVersion = 46;
	objects = {

/* Begin PBXBuildFile section */
		2CBCF8581A11CC8C00DD207E /* main.m in Sources */ = {isa = PBXBuildFile; fileRef = 2CBCF8571A11CC8C00DD207E /* main.m */; };
		2CBCF85B1A11CC8C00DD207E /* AppDelegate.m in Sources */ = {isa = PBXBuildFile; fileRef = 2CBCF85A1A11CC8C00DD207E /* AppDelegate.m */; };
		2CBCF85E1A11CC8C00DD207E /* Besterday.xcdatamodeld in Sources */ = {isa = PBXBuildFile; fileRef = 2CBCF85C1A11CC8C00DD207E /* Besterday.xcdatamodeld */; };
		2CBCF8661A11CC8C00DD207E /* Images.xcassets in Resources */ = {isa = PBXBuildFile; fileRef = 2CBCF8651A11CC8C00DD207E /* Images.xcassets */; };
		2CBCF8691A11CC8C00DD207E /* LaunchScreen.xib in Resources */ = {isa = PBXBuildFile; fileRef = 2CBCF8671A11CC8C00DD207E /* LaunchScreen.xib */; };
/* End PBXBuildFile section */

/* Begin PBXContainerItemProxy section */
		2CBCF86F1A11CC8C00DD207E /* PBXContainerItemProxy */ = {
			isa = PBXContainerItemProxy;
			containerPortal = 2CBCF84A1A11CC8C00DD207E /* Project object */;
			proxyType = 1;
			remoteGlobalIDString = 2CBCF8511A11CC8C00DD207E;
			remoteInfo = Besterday;
		};
/* End PBXContainerItemProxy section */

/* Begin PBXFileReference section */
		2CBCF8521A11CC8C00DD207E /* Besterday.app */ = {isa = PBXFileReference; explicitFileType = wrapper.application; includeInIndex = 0; path = Besterday.app; sourceTree = BUILT_PRODUCTS_DIR; };
		2CBCF8561A11CC8C00DD207E /* Info.plist */ = {isa = PBXFileReference; lastKnownFileType = text.plist.xml; path = Info.plist; sourceTree = "<group>"; };
		2CBCF8571A11CC8C00DD207E /* main.m */ = {isa = PBXFileReference; lastKnownFileType = sourcecode.c.objc; path = main.m; sourceTree = "<group>"; };
		2CBCF8591A11CC8C00DD207E /* AppDelegate.h */ = {isa = PBXFileReference; lastKnownFileType = sourcecode.c.h; path = AppDelegate.h; sourceTree = "<group>"; };
		2CBCF85A1A11CC8C00DD207E /* AppDelegate.m */ = {isa = PBXFileReference; lastKnownFileType = sourcecode.c.objc; path = AppDelegate.m; sourceTree = "<group>"; };
		2CBCF85D1A11CC8C00DD207E /* Besterday.xcdatamodel */ = {isa = PBXFileReference; lastKnownFileType = wrapper.xcdatamodel; path = Besterday.xcdatamodel; sourceTree = "<group>"; };
		2CBCF8651A11CC8C00DD207E /* Images.xcassets */ = {isa = PBXFileReference; lastKnownFileType = folder.assetcatalog; path = Images.xcassets; sourceTree = "<group>"; };
		2CBCF8681A11CC8C00DD207E /* Base */ = {isa = PBXFileReference; lastKnownFileType = file.xib; name = Base; path = Base.lproj/LaunchScreen.xib; sourceTree = "<group>"; };
		2CBCF86E1A11CC8C00DD207E /* BesterdayTests.xctest */ = {isa = PBXFileReference; explicitFileType = wrapper.cfbundle; includeInIndex = 0; path = BesterdayTests.xctest; sourceTree = BUILT_PRODUCTS_DIR; };
		2CBCF8731A11CC8C00DD207E /* Info.plist */ = {isa = PBXFileReference; lastKnownFileType = text.plist.xml; path = Info.plist; sourceTree = "<group>"; };
/* End PBXFileReference section */

/* Begin PBXFrameworksBuildPhase section */
		2CBCF84F1A11CC8C00DD207E /* Frameworks */ = {
			isa = PBXFrameworksBuildPhase;
			buildActionMask = 2147483647;
			files = (
			);
			runOnlyForDeploymentPostprocessing = 0;
		};
		2CBCF86B1A11CC8C00DD207E /* Frameworks */ = {
			isa = PBXFrameworksBuildPhase;
			buildActionMask = 2147483647;
			files = (
			);
			runOnlyForDeploymentPostprocessing = 0;
		};
/* End PBXFrameworksBuildPhase section */

/* Begin PBXGroup section */
		2CBCF8491A11CC8C00DD207E = {
			isa = PBXGroup;
			children = (
				2CBCF8541A11CC8C00DD207E /* Besterday */,
				2CBCF8711A11CC8C00DD207E /* BesterdayTests */,
				2CBCF8531A11CC8C00DD207E /* Products */,
			);
			sourceTree = "<group>";
		};
		2CBCF8531A11CC8C00DD207E /* Products */ = {
			isa = PBXGroup;
			children = (
				2CBCF8521A11CC8C00DD207E /* Besterday.app */,
				2CBCF86E1A11CC8C00DD207E /* BesterdayTests.xctest */,
			);
			name = Products;
			sourceTree = "<group>";
		};
		2CBCF8541A11CC8C00DD207E /* Besterday */ = {
			isa = PBXGroup;
			children = (
				2CBCF8591A11CC8C00DD207E /* AppDelegate.h */,
				2CBCF85A1A11CC8C00DD207E /* AppDelegate.m */,
				2CBCF8651A11CC8C00DD207E /* Images.xcassets */,
				2CBCF8671A11CC8C00DD207E /* LaunchScreen.xib */,
				2CBCF85C1A11CC8C00DD207E /* Besterday.xcdatamodeld */,
				2CBCF8551A11CC8C00DD207E /* Supporting Files */,
			);
			path = Besterday;
			sourceTree = "<group>";
		};
		2CBCF8551A11CC8C00DD207E /* Supporting Files */ = {
			isa = PBXGroup;
			children = (
				2CBCF8561A11CC8C00DD207E /* Info.plist */,
				2CBCF8571A11CC8C00DD207E /* main.m */,
			);
			name = "Supporting Files";
			sourceTree = "<group>";
		};
		2CBCF8711A11CC8C00DD207E /* BesterdayTests */ = {
			isa = PBXGroup;
			children = (
				2CBCF8721A11CC8C00DD207E /* Supporting Files */,
			);
			path = BesterdayTests;
			sourceTree = "<group>";
		};
		2CBCF8721A11CC8C00DD207E /* Supporting Files */ = {
			isa = PBXGroup;
			children = (
				2CBCF8731A11CC8C00DD207E /* Info.plist */,
			);
			name = "Supporting Files";
			sourceTree = "<group>";
		};
/* End PBXGroup section */

/* Begin PBXNativeTarget section */
		2CBCF8511A11CC8C00DD207E /* Besterday */ = {
			isa = PBXNativeTarget;
			buildConfigurationList = 2CBCF8781A11CC8C00DD207E /* Build configuration list for PBXNativeTarget "Besterday" */;
			buildPhases = (
				2CBCF84E1A11CC8C00DD207E /* Sources */,
				2CBCF84F1A11CC8C00DD207E /* Frameworks */,
				2CBCF8501A11CC8C00DD207E /* Resources */,
			);
			buildRules = (
			);
			dependencies = (
			);
			name = Besterday;
			productName = Besterday;
			productReference = 2CBCF8521A11CC8C00DD207E /* Besterday.app */;
			productType = "com.apple.product-type.application";
		};
		2CBCF86D1A11CC8C00DD207E /* BesterdayTests */ = {
			isa = PBXNativeTarget;
			buildConfigurationList = 2CBCF87B1A11CC8C00DD207E /* Build configuration list for PBXNativeTarget "BesterdayTests" */;
			buildPhases = (
				2CBCF86A1A11CC8C00DD207E /* Sources */,
				2CBCF86B1A11CC8C00DD207E /* Frameworks */,
				2CBCF86C1A11CC8C00DD207E /* Resources */,
			);
			buildRules = (
			);
			dependencies = (
				2CBCF8701A11CC8C00DD207E /* PBXTargetDependency */,
			);
			name = BesterdayTests;
			productName = BesterdayTests;
			productReference = 2CBCF86E1A11CC8C00DD207E /* BesterdayTests.xctest */;
			productType = "com.apple.product-type.bundle.unit-test";
		};
/* End PBXNativeTarget section */

/* Begin PBXProject section */
		2CBCF84A1A11CC8C00DD207E /* Project object */ = {
			isa = PBXProject;
			attributes = {
				LastUpgradeCheck = 0600;
				ORGANIZATIONNAME = Facebook;
				TargetAttributes = {
					2CBCF8511A11CC8C00DD207E = {
						CreatedOnToolsVersion = 6.0.1;
					};
					2CBCF86D1A11CC8C00DD207E = {
						CreatedOnToolsVersion = 6.0.1;
						TestTargetID = 2CBCF8511A11CC8C00DD207E;
					};
				};
			};
			buildConfigurationList = 2CBCF84D1A11CC8C00DD207E /* Build configuration list for PBXProject "Besterday" */;
			compatibilityVersion = "Xcode 3.2";
			developmentRegion = English;
			hasScannedForEncodings = 0;
			knownRegions = (
				en,
				Base,
			);
			mainGroup = 2CBCF8491A11CC8C00DD207E;
			productRefGroup = 2CBCF8531A11CC8C00DD207E /* Products */;
			projectDirPath = "";
			projectRoot = "";
			targets = (
				2CBCF8511A11CC8C00DD207E /* Besterday */,
				2CBCF86D1A11CC8C00DD207E /* BesterdayTests */,
			);
		};
/* End PBXProject section */

/* Begin PBXResourcesBuildPhase section */
		2CBCF8501A11CC8C00DD207E /* Resources */ = {
			isa = PBXResourcesBuildPhase;
			buildActionMask = 2147483647;
			files = (
				2CBCF8691A11CC8C00DD207E /* LaunchScreen.xib in Resources */,
				2CBCF8661A11CC8C00DD207E /* Images.xcassets in Resources */,
			);
			runOnlyForDeploymentPostprocessing = 0;
		};
		2CBCF86C1A11CC8C00DD207E /* Resources */ = {
			isa = PBXResourcesBuildPhase;
			buildActionMask = 2147483647;
			files = (
			);
			runOnlyForDeploymentPostprocessing = 0;
		};
/* End PBXResourcesBuildPhase section */

/* Begin PBXSourcesBuildPhase section */
		2CBCF84E1A11CC8C00DD207E /* Sources */ = {
			isa = PBXSourcesBuildPhase;
			buildActionMask = 2147483647;
			files = (
				2CBCF85B1A11CC8C00DD207E /* AppDelegate.m in Sources */,
				2CBCF8581A11CC8C00DD207E /* main.m in Sources */,
				2CBCF85E1A11CC8C00DD207E /* Besterday.xcdatamodeld in Sources */,
			);
			runOnlyForDeploymentPostprocessing = 0;
		};
		2CBCF86A1A11CC8C00DD207E /* Sources */ = {
			isa = PBXSourcesBuildPhase;
			buildActionMask = 2147483647;
			files = (
			);
			runOnlyForDeploymentPostprocessing = 0;
		};
/* End PBXSourcesBuildPhase section */

/* Begin PBXTargetDependency section */
		2CBCF8701A11CC8C00DD207E /* PBXTargetDependency */ = {
			isa = PBXTargetDependency;
			target = 2CBCF8511A11CC8C00DD207E /* Besterday */;
			targetProxy = 2CBCF86F1A11CC8C00DD207E /* PBXContainerItemProxy */;
		};
/* End PBXTargetDependency section */

/* Begin PBXVariantGroup section */
		2CBCF8671A11CC8C00DD207E /* LaunchScreen.xib */ = {
			isa = PBXVariantGroup;
			children = (
				2CBCF8681A11CC8C00DD207E /* Base */,
			);
			name = LaunchScreen.xib;
			sourceTree = "<group>";
		};
/* End PBXVariantGroup section */

/* Begin XCBuildConfiguration section */
		2CBCF8761A11CC8C00DD207E /* Debug */ = {
			isa = XCBuildConfiguration;
			buildSettings = {
				ALWAYS_SEARCH_USER_PATHS = NO;
				CLANG_CXX_LANGUAGE_STANDARD = "gnu++0x";
				CLANG_CXX_LIBRARY = "libc++";
				CLANG_ENABLE_MODULES = YES;
				CLANG_ENABLE_OBJC_ARC = YES;
				CLANG_WARN_BOOL_CONVERSION = YES;
				CLANG_WARN_CONSTANT_CONVERSION = YES;
				CLANG_WARN_DIRECT_OBJC_ISA_USAGE = YES_ERROR;
				CLANG_WARN_EMPTY_BODY = YES;
				CLANG_WARN_ENUM_CONVERSION = YES;
				CLANG_WARN_INT_CONVERSION = YES;
				CLANG_WARN_OBJC_ROOT_CLASS = YES_ERROR;
				CLANG_WARN_UNREACHABLE_CODE = YES;
				CLANG_WARN__DUPLICATE_METHOD_MATCH = YES;
				"CODE_SIGN_IDENTITY[sdk=iphoneos*]" = "iPhone Developer";
				COPY_PHASE_STRIP = NO;
				ENABLE_STRICT_OBJC_MSGSEND = YES;
				GCC_C_LANGUAGE_STANDARD = gnu99;
				GCC_DYNAMIC_NO_PIC = NO;
				GCC_OPTIMIZATION_LEVEL = 0;
				GCC_PREPROCESSOR_DEFINITIONS = (
					"DEBUG=1",
					"$(inherited)",
				);
				GCC_SYMBOLS_PRIVATE_EXTERN = NO;
				GCC_WARN_64_TO_32_BIT_CONVERSION = YES;
				GCC_WARN_ABOUT_RETURN_TYPE = YES_ERROR;
				GCC_WARN_UNDECLARED_SELECTOR = YES;
				GCC_WARN_UNINITIALIZED_AUTOS = YES_AGGRESSIVE;
				GCC_WARN_UNUSED_FUNCTION = YES;
				GCC_WARN_UNUSED_VARIABLE = YES;
				IPHONEOS_DEPLOYMENT_TARGET = 8.0;
				MTL_ENABLE_DEBUG_INFO = YES;
				ONLY_ACTIVE_ARCH = YES;
				SDKROOT = iphoneos;
				TARGETED_DEVICE_FAMILY = "1,2";
			};
			name = Debug;
		};
		2CBCF8771A11CC8C00DD207E /* Release */ = {
			isa = XCBuildConfiguration;
			buildSettings = {
				ALWAYS_SEARCH_USER_PATHS = NO;
				CLANG_CXX_LANGUAGE_STANDARD = "gnu++0x";
				CLANG_CXX_LIBRARY = "libc++";
				CLANG_ENABLE_MODULES = YES;
				CLANG_ENABLE_OBJC_ARC = YES;
				CLANG_WARN_BOOL_CONVERSION = YES;
				CLANG_WARN_CONSTANT_CONVERSION = YES;
				CLANG_WARN_DIRECT_OBJC_ISA_USAGE = YES_ERROR;
				CLANG_WARN_EMPTY_BODY = YES;
				CLANG_WARN_ENUM_CONVERSION = YES;
				CLANG_WARN_INT_CONVERSION = YES;
				CLANG_WARN_OBJC_ROOT_CLASS = YES_ERROR;
				CLANG_WARN_UNREACHABLE_CODE = YES;
				CLANG_WARN__DUPLICATE_METHOD_MATCH = YES;
				"CODE_SIGN_IDENTITY[sdk=iphoneos*]" = "iPhone Developer";
				COPY_PHASE_STRIP = YES;
				ENABLE_NS_ASSERTIONS = NO;
				ENABLE_STRICT_OBJC_MSGSEND = YES;
				GCC_C_LANGUAGE_STANDARD = gnu99;
				GCC_WARN_64_TO_32_BIT_CONVERSION = YES;
				GCC_WARN_ABOUT_RETURN_TYPE = YES_ERROR;
				GCC_WARN_UNDECLARED_SELECTOR = YES;
				GCC_WARN_UNINITIALIZED_AUTOS = YES_AGGRESSIVE;
				GCC_WARN_UNUSED_FUNCTION = YES;
				GCC_WARN_UNUSED_VARIABLE = YES;
				IPHONEOS_DEPLOYMENT_TARGET = 8.0;
				MTL_ENABLE_DEBUG_INFO = NO;
				SDKROOT = iphoneos;
				TARGETED_DEVICE_FAMILY = "1,2";
				VALIDATE_PRODUCT = YES;
			};
			name = Release;
		};
		2CBCF8791A11CC8C00DD207E /* Debug */ = {
			isa = XCBuildConfiguration;
			buildSettings = {
				ASSETCATALOG_COMPILER_APPICON_NAME = AppIcon;
				INFOPLIST_FILE = Besterday/Info.plist;
				LD_RUNPATH_SEARCH_PATHS = "$(inherited) @executable_path/Frameworks";
				PRODUCT_NAME = "$(TARGET_NAME)";
			};
			name = Debug;
		};
		2CBCF87A1A11CC8C00DD207E /* Release */ = {
			isa = XCBuildConfiguration;
			buildSettings = {
				ASSETCATALOG_COMPILER_APPICON_NAME = AppIcon;
				INFOPLIST_FILE = Besterday/Info.plist;
				LD_RUNPATH_SEARCH_PATHS = "$(inherited) @executable_path/Frameworks";
				PRODUCT_NAME = "$(TARGET_NAME)";
			};
			name = Release;
		};
		2CBCF87C1A11CC8C00DD207E /* Debug */ = {
			isa = XCBuildConfiguration;
			buildSettings = {
				BUNDLE_LOADER = "$(TEST_HOST)";
				FRAMEWORK_SEARCH_PATHS = (
					"$(SDKROOT)/Developer/Library/Frameworks",
					"$(inherited)",
				);
				GCC_PREPROCESSOR_DEFINITIONS = (
					"DEBUG=1",
					"$(inherited)",
				);
				INFOPLIST_FILE = BesterdayTests/Info.plist;
				LD_RUNPATH_SEARCH_PATHS = "$(inherited) @executable_path/Frameworks @loader_path/Frameworks";
				PRODUCT_NAME = "$(TARGET_NAME)";
				TEST_HOST = "$(BUILT_PRODUCTS_DIR)/Besterday.app/Besterday";
			};
			name = Debug;
		};
		2CBCF87D1A11CC8C00DD207E /* Release */ = {
			isa = XCBuildConfiguration;
			buildSettings = {
				BUNDLE_LOADER = "$(TEST_HOST)";
				FRAMEWORK_SEARCH_PATHS = (
					"$(SDKROOT)/Developer/Library/Frameworks",
					"$(inherited)",
				);
				INFOPLIST_FILE = BesterdayTests/Info.plist;
				LD_RUNPATH_SEARCH_PATHS = "$(inherited) @executable_path/Frameworks @loader_path/Frameworks";
				PRODUCT_NAME = "$(TARGET_NAME)";
				TEST_HOST = "$(BUILT_PRODUCTS_DIR)/Besterday.app/Besterday";
			};
			name = Release;
		};
/* End XCBuildConfiguration section */

/* Begin XCConfigurationList section */
		2CBCF84D1A11CC8C00DD207E /* Build configuration list for PBXProject "Besterday" */ = {
			isa = XCConfigurationList;
			buildConfigurations = (
				2CBCF8761A11CC8C00DD207E /* Debug */,
				2CBCF8771A11CC8C00DD207E /* Release */,
			);
			defaultConfigurationIsVisible = 0;
			defaultConfigurationName = Release;
		};
		2CBCF8781A11CC8C00DD207E /* Build configuration list for PBXNativeTarget "Besterday" */ = {
			isa = XCConfigurationList;
			buildConfigurations = (
				2CBCF8791A11CC8C00DD207E /* Debug */,
				2CBCF87A1A11CC8C00DD207E /* Release */,
			);
			defaultConfigurationIsVisible = 0;
		};
		2CBCF87B1A11CC8C00DD207E /* Build configuration list for PBXNativeTarget "BesterdayTests" */ = {
			isa = XCConfigurationList;
			buildConfigurations = (
				2CBCF87C1A11CC8C00DD207E /* Debug */,
				2CBCF87D1A11CC8C00DD207E /* Release */,
			);
			defaultConfigurationIsVisible = 0;
		};
/* End XCConfigurationList section */

/* Begin XCVersionGroup section */
		2CBCF85C1A11CC8C00DD207E /* Besterday.xcdatamodeld */ = {
			isa = XCVersionGroup;
			children = (
				2CBCF85D1A11CC8C00DD207E /* Besterday.xcdatamodel */,
			);
			currentVersion = 2CBCF85D1A11CC8C00DD207E /* Besterday.xcdatamodel */;
			path = Besterday.xcdatamodeld;
			sourceTree = "<group>";
			versionGroupType = wrapper.xcdatamodel;
		};
/* End XCVersionGroup section */
	};
	rootObject = 2CBCF84A1A11CC8C00DD207E /* Project object */;
}
